
Microsoft Visual Studio Solution File, Format Version 12.00
# Visual Studio Version 16
VisualStudioVersion = 16.0.31911.196
MinimumVisualStudioVersion = 10.0.40219.1
Project("{FAE04EC0-301F-11D3-BF4B-00C04F79EFBC}") = "DemoService", "DemoService\DemoService.csproj", "{448274D9-5B96-439D-A458-B4913E53117B}"
EndProject
Project("{FAE04EC0-301F-11D3-BF4B-00C04F79EFBC}") = "DemoServiceHost", "DemoServiceHost\DemoServiceHost.csproj", "{385E8467-5DDD-4DF0-81AC-14FCCFC86CB0}"
EndProject
Global
	GlobalSection(SolutionConfigurationPlatforms) = preSolution
		Debug|Any CPU = Debug|Any CPU
		Release|Any CPU = Release|Any CPU
	EndGlobalSection
	GlobalSection(ProjectConfigurationPlatforms) = postSolution
		{448274D9-5B96-439D-A458-B4913E53117B}.Debug|Any CPU.ActiveCfg = Debug|Any CPU
		{448274D9-5B96-439D-A458-B4913E53117B}.Debug|Any CPU.Build.0 = Debug|Any CPU
		{448274D9-5B96-439D-A458-B4913E53117B}.Release|Any CPU.ActiveCfg = Release|Any CPU
		{448274D9-5B96-439D-A458-B4913E53117B}.Release|Any CPU.Build.0 = Release|Any CPU
		{385E8467-5DDD-4DF0-81AC-14FCCFC86CB0}.Debug|Any CPU.ActiveCfg = Debug|Any CPU
		{385E8467-5DDD-4DF0-81AC-14FCCFC86CB0}.Debug|Any CPU.Build.0 = Debug|Any CPU
		{385E8467-5DDD-4DF0-81AC-14FCCFC86CB0}.Release|Any CPU.ActiveCfg = Release|Any CPU
		{385E8467-5DDD-4DF0-81AC-14FCCFC86CB0}.Release|Any CPU.Build.0 = Release|Any CPU
	EndGlobalSection
	GlobalSection(SolutionProperties) = preSolution
		HideSolutionNode = FALSE
	EndGlobalSection
	GlobalSection(ExtensibilityGlobals) = postSolution
		SolutionGuid = {65815F1D-6146-4B3E-9535-C4C800AB9B7A}
	EndGlobalSection
EndGlobal
